
Microsoft Visual Studio Solution File, Format Version 12.00
# Visual Studio Version 16
VisualStudioVersion = 16.0.31829.152
MinimumVisualStudioVersion = 10.0.40219.1
Project("{9A19103F-16F7-4668-BE54-9A1E7A4F7556}") = "Access Modifiers", "Access Modifiers\Access Modifiers.csproj", "{8A98C4E3-1391-4CCF-BF47-398BC3DB28F8}"
EndProject
Project("{FAE04EC0-301F-11D3-BF4B-00C04F79EFBC}") = "ClassLibrary", "ClassLibrary\ClassLibrary.csproj", "{1BA7DF72-2A57-4254-A7E1-B9D3674CAE22}"
EndProject
Global
	GlobalSection(SolutionConfigurationPlatforms) = preSolution
		Debug|Any CPU = Debug|Any CPU
		Release|Any CPU = Release|Any CPU
	EndGlobalSection
	GlobalSection(ProjectConfigurationPlatforms) = postSolution
		{8A98C4E3-1391-4CCF-BF47-398BC3DB28F8}.Debug|Any CPU.ActiveCfg = Debug|Any CPU
		{8A98C4E3-1391-4CCF-BF47-398BC3DB28F8}.Debug|Any CPU.Build.0 = Debug|Any CPU
		{8A98C4E3-1391-4CCF-BF47-398BC3DB28F8}.Release|Any CPU.ActiveCfg = Release|Any CPU
		{8A98C4E3-1391-4CCF-BF47-398BC3DB28F8}.Release|Any CPU.Build.0 = Release|Any CPU
		{1BA7DF72-2A57-4254-A7E1-B9D3674CAE22}.Debug|Any CPU.ActiveCfg = Debug|Any CPU
		{1BA7DF72-2A57-4254-A7E1-B9D3674CAE22}.Debug|Any CPU.Build.0 = Debug|Any CPU
		{1BA7DF72-2A57-4254-A7E1-B9D3674CAE22}.Release|Any CPU.ActiveCfg = Release|Any CPU
		{1BA7DF72-2A57-4254-A7E1-B9D3674CAE22}.Release|Any CPU.Build.0 = Release|Any CPU
	EndGlobalSection
	GlobalSection(SolutionProperties) = preSolution
		HideSolutionNode = FALSE
	EndGlobalSection
	GlobalSection(ExtensibilityGlobals) = postSolution
		SolutionGuid = {78E60630-5816-4923-8AE6-D10CF8D76015}
	EndGlobalSection
EndGlobal
