
Microsoft Visual Studio Solution File, Format Version 12.00
# Visual Studio Version 16
VisualStudioVersion = 16.0.31829.152
MinimumVisualStudioVersion = 10.0.40219.1
Project("{FAE04EC0-301F-11D3-BF4B-00C04F79EFBC}") = "CSharp intro", "CSharp intro\CSharp intro.csproj", "{66629E42-F627-4AB6-A659-96A56991C9EF}"
EndProject
Global
	GlobalSection(SolutionConfigurationPlatforms) = preSolution
		Debug|Any CPU = Debug|Any CPU
		Release|Any CPU = Release|Any CPU
	EndGlobalSection
	GlobalSection(ProjectConfigurationPlatforms) = postSolution
		{66629E42-F627-4AB6-A659-96A56991C9EF}.Debug|Any CPU.ActiveCfg = Debug|Any CPU
		{66629E42-F627-4AB6-A659-96A56991C9EF}.Debug|Any CPU.Build.0 = Debug|Any CPU
		{66629E42-F627-4AB6-A659-96A56991C9EF}.Release|Any CPU.ActiveCfg = Release|Any CPU
		{66629E42-F627-4AB6-A659-96A56991C9EF}.Release|Any CPU.Build.0 = Release|Any CPU
	EndGlobalSection
	GlobalSection(SolutionProperties) = preSolution
		HideSolutionNode = FALSE
	EndGlobalSection
	GlobalSection(ExtensibilityGlobals) = postSolution
		SolutionGuid = {8C4AFE0B-20BB-4DD1-9103-3F2B467A305A}
	EndGlobalSection
EndGlobal
